{
  "name": "amsel",
  "lockfileVersion": 3,
  "requires": true,
  "packages": {
    "": {
      "dependencies": {
        "@wailsapp/runtime": "^1.1.1",
        "@wailsio/runtime": "^3.0.0-alpha.66",
        "@xterm/xterm": "^5.5.0",
        "tailwindcss-animate": "^1.0.7"
      },
      "devDependencies": {
        "@types/xterm": "^2.0.3"
      }
    },
    "node_modules/@types/xterm": {
      "version": "2.0.3",
      "resolved": "https://registry.npmjs.org/@types/xterm/-/xterm-2.0.3.tgz",
      "integrity": "sha512-Owlz29ThHtn2RQry87juaNYeIc4Dr8ykLLX0JKKt4SdO6ujwJnsXCpBAr6bwo/f4L3xSfM9KA7OnPPf9Xit6tA==",
      "dev": true,
      "license": "MIT"
    },
    "node_modules/@wailsapp/runtime": {
      "version": "1.1.1",
      "resolved": "https://registry.npmjs.org/@wailsapp/runtime/-/runtime-1.1.1.tgz",
      "integrity": "sha512-KhDNlUr5gS3OgFf/YULjTxNUj02w11AHbNkXiuQyCmND43vMdFpLyko43M1s3npUE+hMMdWoZ9wXBI+ltSKiiw==",
      "license": "MIT"
    },
    "node_modules/@wailsio/runtime": {
      "version": "3.0.0-alpha.66",
      "resolved": "https://registry.npmjs.org/@wailsio/runtime/-/runtime-3.0.0-alpha.66.tgz",
      "integrity": "sha512-ENLu8rn1griL1gFHJqkq1i+BVxrrA0JPJHYneUJYuf/s54kjuQViW0RKDEe/WTDo56ABpfykrd/T8OYpPUyXUw==",
      "license": "MIT"
    },
    "node_modules/@xterm/xterm": {
      "version": "5.5.0",
      "resolved": "https://registry.npmjs.org/@xterm/xterm/-/xterm-5.5.0.tgz",
      "integrity": "sha512-hqJHYaQb5OptNunnyAnkHyM8aCjZ1MEIDTQu1iIbbTD/xops91NB5yq1ZK/dC2JDbVWtF23zUtl9JE2NqwT87A==",
      "license": "MIT"
    },
    "node_modules/tailwindcss": {
      "version": "4.1.11",
      "resolved": "https://registry.npmjs.org/tailwindcss/-/tailwindcss-4.1.11.tgz",
      "integrity": "sha512-2E9TBm6MDD/xKYe+dvJZAmg3yxIEDNRc0jwlNyDg/4Fil2QcSLjFKGVff0lAf1jjeaArlG/M75Ey/EYr/OJtBA==",
      "license": "MIT",
      "peer": true
    },
    "node_modules/tailwindcss-animate": {
      "version": "1.0.7",
      "resolved": "https://registry.npmjs.org/tailwindcss-animate/-/tailwindcss-animate-1.0.7.tgz",
      "integrity": "sha512-bl6mpH3T7I3UFxuvDEXLxy/VuFxBk5bbzplh7tXI68mwMokNYd1t9qPBHlnyTwfa4JGC4zP516I1hYYtQ/vspA==",
      "license": "MIT",
      "peerDependencies": {
        "tailwindcss": ">=3.0.0 || insiders"
      }
    }
  }
}
